<?xml version="1.0" encoding="utf-8"?>
<Project ToolsVersion="4.0" xmlns="http://schemas.microsoft.com/developer/msbuild/2003">
  <ItemGroup>
    <Filter Include="Source Files">
      <UniqueIdentifier>{4FC737F1-C7A5-4376-A066-2A32D752A2FF}</UniqueIdentifier>
      <Extensions>cpp;c;cc;cxx;c++;cppm;ixx;def;odl;idl;hpj;bat;asm;asmx</Extensions>
    </Filter>
    <Filter Include="Header Files">
      <UniqueIdentifier>{93995380-89BD-4b04-88EB-625FBE52EBFB}</UniqueIdentifier>
      <Extensions>h;hh;hpp;hxx;h++;hm;inl;inc;ipp;xsd</Extensions>
    </Filter>
    <Filter Include="Resource Files">
      <UniqueIdentifier>{67DA6AB6-F800-4c08-8B7A-83BB121AAD01}</UniqueIdentifier>
      <Extensions>rc;ico;cur;bmp;dlg;rc2;rct;bin;rgs;gif;jpg;jpeg;jpe;resx;tiff;tif;png;wav;mfcribbon-ms</Extensions>
    </Filter>
  </ItemGroup>
  <ItemGroup>
    <ClCompile Include="Source.cpp">
      <Filter>Source Files</Filter>
    </ClCompile>
    <ClCompile Include="unit.cpp">
      <Filter>Source Files</Filter>
    </ClCompile>
    <ClCompile Include="ET.cpp">
      <Filter>Source Files</Filter>
    </ClCompile>
    <ClCompile Include="Earth_Gunnery.cpp">
      <Filter>Source Files</Filter>
    </ClCompile>
    <ClCompile Include="Alien_Drone.cpp">
      <Filter>Source Files</Filter>
    </ClCompile>
    <ClCompile Include="Alien_Soldier.cpp">
      <Filter>Source Files</Filter>
    </ClCompile>
    <ClCompile Include="Earth_Soldier.cpp">
      <Filter>Source Files</Filter>
    </ClCompile>
    <ClCompile Include="Alien_Monster.cpp">
      <Filter>Source Files</Filter>
    </ClCompile>
    <ClCompile Include="Earth_Soldier_Queue.cpp">
      <Filter>Source Files</Filter>
    </ClCompile>
    <ClCompile Include="Alien_soldier_Queue.cpp">
      <Filter>Source Files</Filter>
    </ClCompile>
    <ClCompile Include="ET_stack.cpp">
      <Filter>Source Files</Filter>
    </ClCompile>
    <ClCompile Include="Earth_Drones_Queues.cpp">
      <Filter>Source Files</Filter>
    </ClCompile>
    <ClCompile Include="Earth_Gunnery_PQueue.cpp">
      <Filter>Source Files</Filter>
    </ClCompile>
    <ClCompile Include="Monster_Array.cpp">
      <Filter>Source Files</Filter>
    </ClCompile>
    <ClCompile Include="ErathArmy.cpp">
      <Filter>Source Files</Filter>
    </ClCompile>
    <ClCompile Include="AlienArmy.cpp">
      <Filter>Source Files</Filter>
    </ClCompile>
    <ClCompile Include="Game.cpp">
      <Filter>Source Files</Filter>
    </ClCompile>
    <ClCompile Include="Alien_Drones_Queues.cpp">
      <Filter>Source Files</Filter>
    </ClCompile>
    <ClCompile Include="RandGen.cpp">
      <Filter>Source Files</Filter>
    </ClCompile>
    <ClCompile Include="HU.cpp">
      <Filter>Source Files</Filter>
    </ClCompile>
    <ClCompile Include="HU_Stack.cpp">
      <Filter>Source Files</Filter>
    </ClCompile>
    <ClCompile Include="UnitQueue.cpp">
      <Filter>Source Files</Filter>
    </ClCompile>
  </ItemGroup>
  <ItemGroup>
    <ClInclude Include="unit.h">
      <Filter>Header Files</Filter>
    </ClInclude>
    <ClInclude Include="ET.h">
      <Filter>Header Files</Filter>
    </ClInclude>
    <ClInclude Include="..\1-Stacks\ArrayStack.h">
      <Filter>Header Files</Filter>
    </ClInclude>
    <ClInclude Include="..\3-Queues\LinkedQueue.h">
      <Filter>Header Files</Filter>
    </ClInclude>
    <ClInclude Include="..\5-PriorityQueue\priQueue.h">
      <Filter>Header Files</Filter>
    </ClInclude>
    <ClInclude Include="Earth_Gunnery.h">
      <Filter>Header Files</Filter>
    </ClInclude>
    <ClInclude Include="Alien_Drone.h">
      <Filter>Header Files</Filter>
    </ClInclude>
    <ClInclude Include="Alien_Soldier.h">
      <Filter>Header Files</Filter>
    </ClInclude>
    <ClInclude Include="Earth_Soldier.h">
      <Filter>Header Files</Filter>
    </ClInclude>
    <ClInclude Include="Alien_Monster.h">
      <Filter>Header Files</Filter>
    </ClInclude>
    <ClInclude Include="Earth_Soldier_Queue.h">
      <Filter>Header Files</Filter>
    </ClInclude>
    <ClInclude Include="Alien_soldier_Queue.h">
      <Filter>Header Files</Filter>
    </ClInclude>
    <ClInclude Include="ET_stack.h">
      <Filter>Header Files</Filter>
    </ClInclude>
    <ClInclude Include="Alien_Drones_Queues.h">
      <Filter>Header Files</Filter>
    </ClInclude>
    <ClInclude Include="Earth_Gunnery_PQueue.h">
      <Filter>Header Files</Filter>
    </ClInclude>
    <ClInclude Include="Monster_Array.h">
      <Filter>Header Files</Filter>
    </ClInclude>
    <ClInclude Include="EarthArmy.h">
      <Filter>Header Files</Filter>
    </ClInclude>
    <ClInclude Include="AlienArmy.h">
      <Filter>Header Files</Filter>
    </ClInclude>
    <ClInclude Include="Game.h">
      <Filter>Header Files</Filter>
    </ClInclude>
    <ClInclude Include="resource.h">
      <Filter>Header Files</Filter>
    </ClInclude>
    <ClInclude Include="RandGen.h">
      <Filter>Header Files</Filter>
    </ClInclude>
    <ClInclude Include="HU.h">
      <Filter>Header Files</Filter>
    </ClInclude>
    <ClInclude Include="HU_Stack.h">
      <Filter>Header Files</Filter>
    </ClInclude>
    <ClInclude Include="UnitQueue.h">
      <Filter>Header Files</Filter>
    </ClInclude>
  </ItemGroup>
  <ItemGroup>
    <ResourceCompile Include="Project.rc">
      <Filter>Resource Files</Filter>
    </ResourceCompile>
  </ItemGroup>
  <ItemGroup>
    <None Include="txt1.bin">
      <Filter>Resource Files</Filter>
    </None>
  </ItemGroup>
  <ItemGroup>
    <Text Include="test.txt" />
  </ItemGroup>
</Project>